
Microsoft Visual Studio Solution File, Format Version 12.00
# Visual Studio Version 17
VisualStudioVersion = 17.2.32526.322
MinimumVisualStudioVersion = 10.0.40219.1
Project("{FAE04EC0-301F-11D3-BF4B-00C04F79EFBC}") = "LetsQR", "LetsQR\LetsQR.csproj", "{960E9123-6DB9-46CF-B3CE-948EDD7995B7}"
EndProject
Global
	GlobalSection(SolutionConfigurationPlatforms) = preSolution
		Debug|Any CPU = Debug|Any CPU
		Release|Any CPU = Release|Any CPU
	EndGlobalSection
	GlobalSection(ProjectConfigurationPlatforms) = postSolution
		{960E9123-6DB9-46CF-B3CE-948EDD7995B7}.Debug|Any CPU.ActiveCfg = Debug|Any CPU
		{960E9123-6DB9-46CF-B3CE-948EDD7995B7}.Debug|Any CPU.Build.0 = Debug|Any CPU
		{960E9123-6DB9-46CF-B3CE-948EDD7995B7}.Release|Any CPU.ActiveCfg = Release|Any CPU
		{960E9123-6DB9-46CF-B3CE-948EDD7995B7}.Release|Any CPU.Build.0 = Release|Any CPU
	EndGlobalSection
	GlobalSection(SolutionProperties) = preSolution
		HideSolutionNode = FALSE
	EndGlobalSection
	GlobalSection(ExtensibilityGlobals) = postSolution
		SolutionGuid = {F6D0FAB7-A983-4B08-8D41-FFFA727C439E}
	EndGlobalSection
EndGlobal
